
Microsoft Visual Studio Solution File, Format Version 12.00
# Visual Studio 15
VisualStudioVersion = 15.0.26430.12
MinimumVisualStudioVersion = 10.0.40219.1
Project("{FAE04EC0-301F-11D3-BF4B-00C04F79EFBC}") = "StockTracker", "StockTracker\StockTracker.csproj", "{BFFEA801-0AEB-485E-983E-36C309C5DECE}"
	ProjectSection(ProjectDependencies) = postProject
		{E9257E59-514A-4BA1-B708-D97A704BA130} = {E9257E59-514A-4BA1-B708-D97A704BA130}
		{71E9835B-1898-49DD-98A7-BBD4CD0B9407} = {71E9835B-1898-49DD-98A7-BBD4CD0B9407}
	EndProjectSection
EndProject
Project("{FAE04EC0-301F-11D3-BF4B-00C04F79EFBC}") = "DataAccess", "DataAccess\DataAccess.csproj", "{71E9835B-1898-49DD-98A7-BBD4CD0B9407}"
EndProject
Project("{FAE04EC0-301F-11D3-BF4B-00C04F79EFBC}") = "DataImporter", "DataImporter\DataImporter.csproj", "{6BB06450-4623-463C-97A2-E131EC9D6CFD}"
	ProjectSection(ProjectDependencies) = postProject
		{E9257E59-514A-4BA1-B708-D97A704BA130} = {E9257E59-514A-4BA1-B708-D97A704BA130}
		{71E9835B-1898-49DD-98A7-BBD4CD0B9407} = {71E9835B-1898-49DD-98A7-BBD4CD0B9407}
	EndProjectSection
EndProject
Project("{FAE04EC0-301F-11D3-BF4B-00C04F79EFBC}") = "Common", "Common\Common.csproj", "{E9257E59-514A-4BA1-B708-D97A704BA130}"
EndProject
Project("{FAE04EC0-301F-11D3-BF4B-00C04F79EFBC}") = "Simulation", "Simulation\Simulation.csproj", "{A627668C-F14F-427B-95D2-CEDFE914051B}"
	ProjectSection(ProjectDependencies) = postProject
		{E9257E59-514A-4BA1-B708-D97A704BA130} = {E9257E59-514A-4BA1-B708-D97A704BA130}
		{71E9835B-1898-49DD-98A7-BBD4CD0B9407} = {71E9835B-1898-49DD-98A7-BBD4CD0B9407}
	EndProjectSection
EndProject
Project("{FAE04EC0-301F-11D3-BF4B-00C04F79EFBC}") = "TrackingSystem", "TrackingSystem\TrackingSystem.csproj", "{763FDEF1-E47B-4132-A733-97A501701164}"
	ProjectSection(ProjectDependencies) = postProject
		{E9257E59-514A-4BA1-B708-D97A704BA130} = {E9257E59-514A-4BA1-B708-D97A704BA130}
		{71E9835B-1898-49DD-98A7-BBD4CD0B9407} = {71E9835B-1898-49DD-98A7-BBD4CD0B9407}
	EndProjectSection
EndProject
Project("{FAE04EC0-301F-11D3-BF4B-00C04F79EFBC}") = "TestProgram", "TestProgram\TestProgram.csproj", "{55FBFE75-AD25-4A64-ACC7-F4F84C80F5A6}"
	ProjectSection(ProjectDependencies) = postProject
		{71E9835B-1898-49DD-98A7-BBD4CD0B9407} = {71E9835B-1898-49DD-98A7-BBD4CD0B9407}
	EndProjectSection
EndProject
Project("{FAE04EC0-301F-11D3-BF4B-00C04F79EFBC}") = "StockPoolStrategy", "StockPoolStrategy\StockPoolStrategy.csproj", "{A1D5FE0A-223D-4184-AA5E-CB6BBD888A0D}"
EndProject
Global
	GlobalSection(SolutionConfigurationPlatforms) = preSolution
		Debug|Any CPU = Debug|Any CPU
		Release|Any CPU = Release|Any CPU
	EndGlobalSection
	GlobalSection(ProjectConfigurationPlatforms) = postSolution
		{BFFEA801-0AEB-485E-983E-36C309C5DECE}.Debug|Any CPU.ActiveCfg = Debug|Any CPU
		{BFFEA801-0AEB-485E-983E-36C309C5DECE}.Debug|Any CPU.Build.0 = Debug|Any CPU
		{BFFEA801-0AEB-485E-983E-36C309C5DECE}.Release|Any CPU.ActiveCfg = Release|Any CPU
		{BFFEA801-0AEB-485E-983E-36C309C5DECE}.Release|Any CPU.Build.0 = Release|Any CPU
		{71E9835B-1898-49DD-98A7-BBD4CD0B9407}.Debug|Any CPU.ActiveCfg = Debug|Any CPU
		{71E9835B-1898-49DD-98A7-BBD4CD0B9407}.Debug|Any CPU.Build.0 = Debug|Any CPU
		{71E9835B-1898-49DD-98A7-BBD4CD0B9407}.Release|Any CPU.ActiveCfg = Release|Any CPU
		{71E9835B-1898-49DD-98A7-BBD4CD0B9407}.Release|Any CPU.Build.0 = Release|Any CPU
		{6BB06450-4623-463C-97A2-E131EC9D6CFD}.Debug|Any CPU.ActiveCfg = Debug|Any CPU
		{6BB06450-4623-463C-97A2-E131EC9D6CFD}.Debug|Any CPU.Build.0 = Debug|Any CPU
		{6BB06450-4623-463C-97A2-E131EC9D6CFD}.Release|Any CPU.ActiveCfg = Release|Any CPU
		{6BB06450-4623-463C-97A2-E131EC9D6CFD}.Release|Any CPU.Build.0 = Release|Any CPU
		{E9257E59-514A-4BA1-B708-D97A704BA130}.Debug|Any CPU.ActiveCfg = Debug|Any CPU
		{E9257E59-514A-4BA1-B708-D97A704BA130}.Debug|Any CPU.Build.0 = Debug|Any CPU
		{E9257E59-514A-4BA1-B708-D97A704BA130}.Release|Any CPU.ActiveCfg = Release|Any CPU
		{E9257E59-514A-4BA1-B708-D97A704BA130}.Release|Any CPU.Build.0 = Release|Any CPU
		{A627668C-F14F-427B-95D2-CEDFE914051B}.Debug|Any CPU.ActiveCfg = Debug|Any CPU
		{A627668C-F14F-427B-95D2-CEDFE914051B}.Debug|Any CPU.Build.0 = Debug|Any CPU
		{A627668C-F14F-427B-95D2-CEDFE914051B}.Release|Any CPU.ActiveCfg = Release|Any CPU
		{A627668C-F14F-427B-95D2-CEDFE914051B}.Release|Any CPU.Build.0 = Release|Any CPU
		{763FDEF1-E47B-4132-A733-97A501701164}.Debug|Any CPU.ActiveCfg = Debug|Any CPU
		{763FDEF1-E47B-4132-A733-97A501701164}.Debug|Any CPU.Build.0 = Debug|Any CPU
		{763FDEF1-E47B-4132-A733-97A501701164}.Release|Any CPU.ActiveCfg = Release|Any CPU
		{763FDEF1-E47B-4132-A733-97A501701164}.Release|Any CPU.Build.0 = Release|Any CPU
		{55FBFE75-AD25-4A64-ACC7-F4F84C80F5A6}.Debug|Any CPU.ActiveCfg = Debug|Any CPU
		{55FBFE75-AD25-4A64-ACC7-F4F84C80F5A6}.Debug|Any CPU.Build.0 = Debug|Any CPU
		{55FBFE75-AD25-4A64-ACC7-F4F84C80F5A6}.Release|Any CPU.ActiveCfg = Release|Any CPU
		{55FBFE75-AD25-4A64-ACC7-F4F84C80F5A6}.Release|Any CPU.Build.0 = Release|Any CPU
		{A1D5FE0A-223D-4184-AA5E-CB6BBD888A0D}.Debug|Any CPU.ActiveCfg = Debug|Any CPU
		{A1D5FE0A-223D-4184-AA5E-CB6BBD888A0D}.Debug|Any CPU.Build.0 = Debug|Any CPU
		{A1D5FE0A-223D-4184-AA5E-CB6BBD888A0D}.Release|Any CPU.ActiveCfg = Release|Any CPU
		{A1D5FE0A-223D-4184-AA5E-CB6BBD888A0D}.Release|Any CPU.Build.0 = Release|Any CPU
	EndGlobalSection
	GlobalSection(SolutionProperties) = preSolution
		HideSolutionNode = FALSE
	EndGlobalSection
EndGlobal
